
Microsoft Visual Studio Solution File, Format Version 12.00
# Visual Studio 14
VisualStudioVersion = 14.0.22823.1
MinimumVisualStudioVersion = 10.0.40219.1
Project("{8BB2217D-0F2D-49D1-97BC-3654ED321F3B}") = "Kanapa", "Kanapa\Kanapa.xproj", "{6CFB1EF8-A368-4278-BB0A-71A58B97367C}"
EndProject
Project("{8BB2217D-0F2D-49D1-97BC-3654ED321F3B}") = "Kanapa.Tests", "Kanapa.Tests\Kanapa.Tests.xproj", "{5B3290F2-18D0-421C-9DBD-95586EC58D56}"
EndProject
Project("{2150E333-8FDC-42A3-9474-1A3956D46DE8}") = "Solution Items", "Solution Items", "{B30E433D-9F58-4F18-AE63-7E817E7D87EB}"
	ProjectSection(SolutionItems) = preProject
		global.json = global.json
		NuGet.config = NuGet.config
	EndProjectSection
EndProject
Project("{8BB2217D-0F2D-49D1-97BC-3654ED321F3B}") = "Kanapa.Auth", "Kanapa.Auth\Kanapa.Auth.xproj", "{F684ADC6-A9B2-402A-950F-A7E912BDD167}"
EndProject
Project("{8BB2217D-0F2D-49D1-97BC-3654ED321F3B}") = "Kanapa.DefaultMiddleware", "Kanapa.DefaultMiddleware\Kanapa.DefaultMiddleware.xproj", "{5EA1B690-EEDE-4A44-8532-F4D134A37087}"
EndProject
Global
	GlobalSection(SolutionConfigurationPlatforms) = preSolution
		Debug|Any CPU = Debug|Any CPU
		Release|Any CPU = Release|Any CPU
	EndGlobalSection
	GlobalSection(ProjectConfigurationPlatforms) = postSolution
		{6CFB1EF8-A368-4278-BB0A-71A58B97367C}.Debug|Any CPU.ActiveCfg = Debug|Any CPU
		{6CFB1EF8-A368-4278-BB0A-71A58B97367C}.Debug|Any CPU.Build.0 = Debug|Any CPU
		{6CFB1EF8-A368-4278-BB0A-71A58B97367C}.Release|Any CPU.ActiveCfg = Release|Any CPU
		{6CFB1EF8-A368-4278-BB0A-71A58B97367C}.Release|Any CPU.Build.0 = Release|Any CPU
		{5B3290F2-18D0-421C-9DBD-95586EC58D56}.Debug|Any CPU.ActiveCfg = Debug|Any CPU
		{5B3290F2-18D0-421C-9DBD-95586EC58D56}.Debug|Any CPU.Build.0 = Debug|Any CPU
		{5B3290F2-18D0-421C-9DBD-95586EC58D56}.Release|Any CPU.ActiveCfg = Release|Any CPU
		{5B3290F2-18D0-421C-9DBD-95586EC58D56}.Release|Any CPU.Build.0 = Release|Any CPU
		{F684ADC6-A9B2-402A-950F-A7E912BDD167}.Debug|Any CPU.ActiveCfg = Debug|Any CPU
		{F684ADC6-A9B2-402A-950F-A7E912BDD167}.Debug|Any CPU.Build.0 = Debug|Any CPU
		{F684ADC6-A9B2-402A-950F-A7E912BDD167}.Release|Any CPU.ActiveCfg = Release|Any CPU
		{F684ADC6-A9B2-402A-950F-A7E912BDD167}.Release|Any CPU.Build.0 = Release|Any CPU
		{5EA1B690-EEDE-4A44-8532-F4D134A37087}.Debug|Any CPU.ActiveCfg = Debug|Any CPU
		{5EA1B690-EEDE-4A44-8532-F4D134A37087}.Debug|Any CPU.Build.0 = Debug|Any CPU
		{5EA1B690-EEDE-4A44-8532-F4D134A37087}.Release|Any CPU.ActiveCfg = Release|Any CPU
		{5EA1B690-EEDE-4A44-8532-F4D134A37087}.Release|Any CPU.Build.0 = Release|Any CPU
	EndGlobalSection
	GlobalSection(SolutionProperties) = preSolution
		HideSolutionNode = FALSE
	EndGlobalSection
EndGlobal
